
Microsoft Visual Studio Solution File, Format Version 12.00
# Visual Studio Version 17
VisualStudioVersion = 17.14.36310.24 d17.14
MinimumVisualStudioVersion = 10.0.40219.1
Project("{FAE04EC0-301F-11D3-BF4B-00C04F79EFBC}") = "Activity 6 City Organizer", "Activity 6 City Organizer.csproj", "{0E4E773B-5D2E-40A9-B695-3613E538579F}"
EndProject
Global
	GlobalSection(SolutionConfigurationPlatforms) = preSolution
		Debug|Any CPU = Debug|Any CPU
		Release|Any CPU = Release|Any CPU
	EndGlobalSection
	GlobalSection(ProjectConfigurationPlatforms) = postSolution
		{0E4E773B-5D2E-40A9-B695-3613E538579F}.Debug|Any CPU.ActiveCfg = Debug|Any CPU
		{0E4E773B-5D2E-40A9-B695-3613E538579F}.Debug|Any CPU.Build.0 = Debug|Any CPU
		{0E4E773B-5D2E-40A9-B695-3613E538579F}.Release|Any CPU.ActiveCfg = Release|Any CPU
		{0E4E773B-5D2E-40A9-B695-3613E538579F}.Release|Any CPU.Build.0 = Release|Any CPU
	EndGlobalSection
	GlobalSection(SolutionProperties) = preSolution
		HideSolutionNode = FALSE
	EndGlobalSection
	GlobalSection(ExtensibilityGlobals) = postSolution
		SolutionGuid = {2BD1BA63-4535-400C-97F4-5452E7F9D2AE}
	EndGlobalSection
EndGlobal
